
Microsoft Visual Studio Solution File, Format Version 12.00
# Visual Studio 15
VisualStudioVersion = 15.0.28307.572
MinimumVisualStudioVersion = 10.0.40219.1
Project("{FAE04EC0-301F-11D3-BF4B-00C04F79EFBC}") = "IjkplayerXamarin.Android", "IjkplayerXamarin\IjkplayerXamarin.Android\IjkplayerXamarin.Android.csproj", "{D34EEEE5-32C2-4EAC-AB3C-CDE1576D4BB2}"
EndProject
Project("{FAE04EC0-301F-11D3-BF4B-00C04F79EFBC}") = "IjkplayerXamarin.iOS", "IjkplayerXamarin\IjkplayerXamarin.iOS\IjkplayerXamarin.iOS.csproj", "{91FA046D-EFC8-4853-9166-30A54A2E33B8}"
EndProject
Project("{FAE04EC0-301F-11D3-BF4B-00C04F79EFBC}") = "IjkplayerXamarin", "IjkplayerXamarin\IjkplayerXamarin\IjkplayerXamarin.csproj", "{B336FEDA-90D5-42C6-9F45-34BF72EC42D8}"
EndProject
Project("{2150E333-8FDC-42A3-9474-1A3956D46DE8}") = "Ijkplayer", "Ijkplayer", "{F328741F-0091-49E4-AB12-52FA37E65F99}"
EndProject
Project("{FAE04EC0-301F-11D3-BF4B-00C04F79EFBC}") = "Ijkplayer.Droid", "Ijkplayer.Droid\Ijkplayer.Droid.csproj", "{852C5FB3-6F25-4B5B-9CE5-110021ED70C2}"
EndProject
Project("{FAE04EC0-301F-11D3-BF4B-00C04F79EFBC}") = "Ijkplayer.iOS", "Ijkplayer.iOS\Ijkplayer.iOS.csproj", "{0DBD983F-BD8F-4BD6-B08A-AD28457D35EF}"
EndProject
Project("{FAE04EC0-301F-11D3-BF4B-00C04F79EFBC}") = "Sample", "Sample\Sample.csproj", "{2AC88C3C-EEE9-4BAB-AC53-C4A5A178EC8F}"
EndProject
Global
	GlobalSection(SolutionConfigurationPlatforms) = preSolution
		Ad-Hoc|Any CPU = Ad-Hoc|Any CPU
		Ad-Hoc|iPhone = Ad-Hoc|iPhone
		Ad-Hoc|iPhoneSimulator = Ad-Hoc|iPhoneSimulator
		AppStore|Any CPU = AppStore|Any CPU
		AppStore|iPhone = AppStore|iPhone
		AppStore|iPhoneSimulator = AppStore|iPhoneSimulator
		Debug|Any CPU = Debug|Any CPU
		Debug|iPhone = Debug|iPhone
		Debug|iPhoneSimulator = Debug|iPhoneSimulator
		Release|Any CPU = Release|Any CPU
		Release|iPhone = Release|iPhone
		Release|iPhoneSimulator = Release|iPhoneSimulator
	EndGlobalSection
	GlobalSection(ProjectConfigurationPlatforms) = postSolution
		{D34EEEE5-32C2-4EAC-AB3C-CDE1576D4BB2}.Ad-Hoc|Any CPU.ActiveCfg = Release|Any CPU
		{D34EEEE5-32C2-4EAC-AB3C-CDE1576D4BB2}.Ad-Hoc|Any CPU.Build.0 = Release|Any CPU
		{D34EEEE5-32C2-4EAC-AB3C-CDE1576D4BB2}.Ad-Hoc|Any CPU.Deploy.0 = Release|Any CPU
		{D34EEEE5-32C2-4EAC-AB3C-CDE1576D4BB2}.Ad-Hoc|iPhone.ActiveCfg = Release|Any CPU
		{D34EEEE5-32C2-4EAC-AB3C-CDE1576D4BB2}.Ad-Hoc|iPhone.Build.0 = Release|Any CPU
		{D34EEEE5-32C2-4EAC-AB3C-CDE1576D4BB2}.Ad-Hoc|iPhone.Deploy.0 = Release|Any CPU
		{D34EEEE5-32C2-4EAC-AB3C-CDE1576D4BB2}.Ad-Hoc|iPhoneSimulator.ActiveCfg = Release|Any CPU
		{D34EEEE5-32C2-4EAC-AB3C-CDE1576D4BB2}.Ad-Hoc|iPhoneSimulator.Build.0 = Release|Any CPU
		{D34EEEE5-32C2-4EAC-AB3C-CDE1576D4BB2}.Ad-Hoc|iPhoneSimulator.Deploy.0 = Release|Any CPU
		{D34EEEE5-32C2-4EAC-AB3C-CDE1576D4BB2}.AppStore|Any CPU.ActiveCfg = Release|Any CPU
		{D34EEEE5-32C2-4EAC-AB3C-CDE1576D4BB2}.AppStore|Any CPU.Build.0 = Release|Any CPU
		{D34EEEE5-32C2-4EAC-AB3C-CDE1576D4BB2}.AppStore|Any CPU.Deploy.0 = Release|Any CPU
		{D34EEEE5-32C2-4EAC-AB3C-CDE1576D4BB2}.AppStore|iPhone.ActiveCfg = Release|Any CPU
		{D34EEEE5-32C2-4EAC-AB3C-CDE1576D4BB2}.AppStore|iPhone.Build.0 = Release|Any CPU
		{D34EEEE5-32C2-4EAC-AB3C-CDE1576D4BB2}.AppStore|iPhone.Deploy.0 = Release|Any CPU
		{D34EEEE5-32C2-4EAC-AB3C-CDE1576D4BB2}.AppStore|iPhoneSimulator.ActiveCfg = Release|Any CPU
		{D34EEEE5-32C2-4EAC-AB3C-CDE1576D4BB2}.AppStore|iPhoneSimulator.Build.0 = Release|Any CPU
		{D34EEEE5-32C2-4EAC-AB3C-CDE1576D4BB2}.AppStore|iPhoneSimulator.Deploy.0 = Release|Any CPU
		{D34EEEE5-32C2-4EAC-AB3C-CDE1576D4BB2}.Debug|Any CPU.ActiveCfg = Debug|Any CPU
		{D34EEEE5-32C2-4EAC-AB3C-CDE1576D4BB2}.Debug|Any CPU.Build.0 = Debug|Any CPU
		{D34EEEE5-32C2-4EAC-AB3C-CDE1576D4BB2}.Debug|Any CPU.Deploy.0 = Debug|Any CPU
		{D34EEEE5-32C2-4EAC-AB3C-CDE1576D4BB2}.Debug|iPhone.ActiveCfg = Debug|Any CPU
		{D34EEEE5-32C2-4EAC-AB3C-CDE1576D4BB2}.Debug|iPhone.Build.0 = Debug|Any CPU
		{D34EEEE5-32C2-4EAC-AB3C-CDE1576D4BB2}.Debug|iPhone.Deploy.0 = Debug|Any CPU
		{D34EEEE5-32C2-4EAC-AB3C-CDE1576D4BB2}.Debug|iPhoneSimulator.ActiveCfg = Debug|Any CPU
		{D34EEEE5-32C2-4EAC-AB3C-CDE1576D4BB2}.Debug|iPhoneSimulator.Build.0 = Debug|Any CPU
		{D34EEEE5-32C2-4EAC-AB3C-CDE1576D4BB2}.Debug|iPhoneSimulator.Deploy.0 = Debug|Any CPU
		{D34EEEE5-32C2-4EAC-AB3C-CDE1576D4BB2}.Release|Any CPU.ActiveCfg = Release|Any CPU
		{D34EEEE5-32C2-4EAC-AB3C-CDE1576D4BB2}.Release|Any CPU.Build.0 = Release|Any CPU
		{D34EEEE5-32C2-4EAC-AB3C-CDE1576D4BB2}.Release|Any CPU.Deploy.0 = Release|Any CPU
		{D34EEEE5-32C2-4EAC-AB3C-CDE1576D4BB2}.Release|iPhone.ActiveCfg = Release|Any CPU
		{D34EEEE5-32C2-4EAC-AB3C-CDE1576D4BB2}.Release|iPhone.Build.0 = Release|Any CPU
		{D34EEEE5-32C2-4EAC-AB3C-CDE1576D4BB2}.Release|iPhone.Deploy.0 = Release|Any CPU
		{D34EEEE5-32C2-4EAC-AB3C-CDE1576D4BB2}.Release|iPhoneSimulator.ActiveCfg = Release|Any CPU
		{D34EEEE5-32C2-4EAC-AB3C-CDE1576D4BB2}.Release|iPhoneSimulator.Build.0 = Release|Any CPU
		{D34EEEE5-32C2-4EAC-AB3C-CDE1576D4BB2}.Release|iPhoneSimulator.Deploy.0 = Release|Any CPU
		{91FA046D-EFC8-4853-9166-30A54A2E33B8}.Ad-Hoc|Any CPU.ActiveCfg = Ad-Hoc|iPhone
		{91FA046D-EFC8-4853-9166-30A54A2E33B8}.Ad-Hoc|Any CPU.Build.0 = Ad-Hoc|iPhone
		{91FA046D-EFC8-4853-9166-30A54A2E33B8}.Ad-Hoc|Any CPU.Deploy.0 = Ad-Hoc|iPhone
		{91FA046D-EFC8-4853-9166-30A54A2E33B8}.Ad-Hoc|iPhone.ActiveCfg = Ad-Hoc|iPhone
		{91FA046D-EFC8-4853-9166-30A54A2E33B8}.Ad-Hoc|iPhone.Build.0 = Ad-Hoc|iPhone
		{91FA046D-EFC8-4853-9166-30A54A2E33B8}.Ad-Hoc|iPhone.Deploy.0 = Ad-Hoc|iPhone
		{91FA046D-EFC8-4853-9166-30A54A2E33B8}.Ad-Hoc|iPhoneSimulator.ActiveCfg = Ad-Hoc|iPhoneSimulator
		{91FA046D-EFC8-4853-9166-30A54A2E33B8}.Ad-Hoc|iPhoneSimulator.Build.0 = Ad-Hoc|iPhoneSimulator
		{91FA046D-EFC8-4853-9166-30A54A2E33B8}.Ad-Hoc|iPhoneSimulator.Deploy.0 = Ad-Hoc|iPhoneSimulator
		{91FA046D-EFC8-4853-9166-30A54A2E33B8}.AppStore|Any CPU.ActiveCfg = AppStore|iPhone
		{91FA046D-EFC8-4853-9166-30A54A2E33B8}.AppStore|Any CPU.Build.0 = AppStore|iPhone
		{91FA046D-EFC8-4853-9166-30A54A2E33B8}.AppStore|Any CPU.Deploy.0 = AppStore|iPhone
		{91FA046D-EFC8-4853-9166-30A54A2E33B8}.AppStore|iPhone.ActiveCfg = AppStore|iPhone
		{91FA046D-EFC8-4853-9166-30A54A2E33B8}.AppStore|iPhone.Build.0 = AppStore|iPhone
		{91FA046D-EFC8-4853-9166-30A54A2E33B8}.AppStore|iPhone.Deploy.0 = AppStore|iPhone
		{91FA046D-EFC8-4853-9166-30A54A2E33B8}.AppStore|iPhoneSimulator.ActiveCfg = AppStore|iPhoneSimulator
		{91FA046D-EFC8-4853-9166-30A54A2E33B8}.AppStore|iPhoneSimulator.Build.0 = AppStore|iPhoneSimulator
		{91FA046D-EFC8-4853-9166-30A54A2E33B8}.AppStore|iPhoneSimulator.Deploy.0 = AppStore|iPhoneSimulator
		{91FA046D-EFC8-4853-9166-30A54A2E33B8}.Debug|Any CPU.ActiveCfg = Debug|iPhoneSimulator
		{91FA046D-EFC8-4853-9166-30A54A2E33B8}.Debug|Any CPU.Build.0 = Debug|iPhoneSimulator
		{91FA046D-EFC8-4853-9166-30A54A2E33B8}.Debug|Any CPU.Deploy.0 = Debug|iPhoneSimulator
		{91FA046D-EFC8-4853-9166-30A54A2E33B8}.Debug|iPhone.ActiveCfg = Debug|iPhone
		{91FA046D-EFC8-4853-9166-30A54A2E33B8}.Debug|iPhone.Build.0 = Debug|iPhone
		{91FA046D-EFC8-4853-9166-30A54A2E33B8}.Debug|iPhone.Deploy.0 = Debug|iPhone
		{91FA046D-EFC8-4853-9166-30A54A2E33B8}.Debug|iPhoneSimulator.ActiveCfg = Debug|iPhoneSimulator
		{91FA046D-EFC8-4853-9166-30A54A2E33B8}.Debug|iPhoneSimulator.Build.0 = Debug|iPhoneSimulator
		{91FA046D-EFC8-4853-9166-30A54A2E33B8}.Debug|iPhoneSimulator.Deploy.0 = Debug|iPhoneSimulator
		{91FA046D-EFC8-4853-9166-30A54A2E33B8}.Release|Any CPU.ActiveCfg = Release|iPhone
		{91FA046D-EFC8-4853-9166-30A54A2E33B8}.Release|Any CPU.Build.0 = Release|iPhone
		{91FA046D-EFC8-4853-9166-30A54A2E33B8}.Release|Any CPU.Deploy.0 = Release|iPhone
		{91FA046D-EFC8-4853-9166-30A54A2E33B8}.Release|iPhone.ActiveCfg = Release|iPhone
		{91FA046D-EFC8-4853-9166-30A54A2E33B8}.Release|iPhone.Build.0 = Release|iPhone
		{91FA046D-EFC8-4853-9166-30A54A2E33B8}.Release|iPhone.Deploy.0 = Release|iPhone
		{91FA046D-EFC8-4853-9166-30A54A2E33B8}.Release|iPhoneSimulator.ActiveCfg = Release|iPhoneSimulator
		{91FA046D-EFC8-4853-9166-30A54A2E33B8}.Release|iPhoneSimulator.Build.0 = Release|iPhoneSimulator
		{91FA046D-EFC8-4853-9166-30A54A2E33B8}.Release|iPhoneSimulator.Deploy.0 = Release|iPhoneSimulator
		{B336FEDA-90D5-42C6-9F45-34BF72EC42D8}.Ad-Hoc|Any CPU.ActiveCfg = Debug|Any CPU
		{B336FEDA-90D5-42C6-9F45-34BF72EC42D8}.Ad-Hoc|Any CPU.Build.0 = Debug|Any CPU
		{B336FEDA-90D5-42C6-9F45-34BF72EC42D8}.Ad-Hoc|Any CPU.Deploy.0 = Debug|Any CPU
		{B336FEDA-90D5-42C6-9F45-34BF72EC42D8}.Ad-Hoc|iPhone.ActiveCfg = Debug|Any CPU
		{B336FEDA-90D5-42C6-9F45-34BF72EC42D8}.Ad-Hoc|iPhone.Build.0 = Debug|Any CPU
		{B336FEDA-90D5-42C6-9F45-34BF72EC42D8}.Ad-Hoc|iPhone.Deploy.0 = Debug|Any CPU
		{B336FEDA-90D5-42C6-9F45-34BF72EC42D8}.Ad-Hoc|iPhoneSimulator.ActiveCfg = Debug|Any CPU
		{B336FEDA-90D5-42C6-9F45-34BF72EC42D8}.Ad-Hoc|iPhoneSimulator.Build.0 = Debug|Any CPU
		{B336FEDA-90D5-42C6-9F45-34BF72EC42D8}.Ad-Hoc|iPhoneSimulator.Deploy.0 = Debug|Any CPU
		{B336FEDA-90D5-42C6-9F45-34BF72EC42D8}.AppStore|Any CPU.ActiveCfg = Debug|Any CPU
		{B336FEDA-90D5-42C6-9F45-34BF72EC42D8}.AppStore|Any CPU.Build.0 = Debug|Any CPU
		{B336FEDA-90D5-42C6-9F45-34BF72EC42D8}.AppStore|Any CPU.Deploy.0 = Debug|Any CPU
		{B336FEDA-90D5-42C6-9F45-34BF72EC42D8}.AppStore|iPhone.ActiveCfg = Debug|Any CPU
		{B336FEDA-90D5-42C6-9F45-34BF72EC42D8}.AppStore|iPhone.Build.0 = Debug|Any CPU
		{B336FEDA-90D5-42C6-9F45-34BF72EC42D8}.AppStore|iPhone.Deploy.0 = Debug|Any CPU
		{B336FEDA-90D5-42C6-9F45-34BF72EC42D8}.AppStore|iPhoneSimulator.ActiveCfg = Debug|Any CPU
		{B336FEDA-90D5-42C6-9F45-34BF72EC42D8}.AppStore|iPhoneSimulator.Build.0 = Debug|Any CPU
		{B336FEDA-90D5-42C6-9F45-34BF72EC42D8}.AppStore|iPhoneSimulator.Deploy.0 = Debug|Any CPU
		{B336FEDA-90D5-42C6-9F45-34BF72EC42D8}.Debug|Any CPU.ActiveCfg = Debug|Any CPU
		{B336FEDA-90D5-42C6-9F45-34BF72EC42D8}.Debug|Any CPU.Build.0 = Debug|Any CPU
		{B336FEDA-90D5-42C6-9F45-34BF72EC42D8}.Debug|Any CPU.Deploy.0 = Debug|Any CPU
		{B336FEDA-90D5-42C6-9F45-34BF72EC42D8}.Debug|iPhone.ActiveCfg = Debug|Any CPU
		{B336FEDA-90D5-42C6-9F45-34BF72EC42D8}.Debug|iPhone.Build.0 = Debug|Any CPU
		{B336FEDA-90D5-42C6-9F45-34BF72EC42D8}.Debug|iPhone.Deploy.0 = Debug|Any CPU
		{B336FEDA-90D5-42C6-9F45-34BF72EC42D8}.Debug|iPhoneSimulator.ActiveCfg = Debug|Any CPU
		{B336FEDA-90D5-42C6-9F45-34BF72EC42D8}.Debug|iPhoneSimulator.Build.0 = Debug|Any CPU
		{B336FEDA-90D5-42C6-9F45-34BF72EC42D8}.Debug|iPhoneSimulator.Deploy.0 = Debug|Any CPU
		{B336FEDA-90D5-42C6-9F45-34BF72EC42D8}.Release|Any CPU.ActiveCfg = Release|Any CPU
		{B336FEDA-90D5-42C6-9F45-34BF72EC42D8}.Release|Any CPU.Build.0 = Release|Any CPU
		{B336FEDA-90D5-42C6-9F45-34BF72EC42D8}.Release|Any CPU.Deploy.0 = Release|Any CPU
		{B336FEDA-90D5-42C6-9F45-34BF72EC42D8}.Release|iPhone.ActiveCfg = Release|Any CPU
		{B336FEDA-90D5-42C6-9F45-34BF72EC42D8}.Release|iPhone.Build.0 = Release|Any CPU
		{B336FEDA-90D5-42C6-9F45-34BF72EC42D8}.Release|iPhone.Deploy.0 = Release|Any CPU
		{B336FEDA-90D5-42C6-9F45-34BF72EC42D8}.Release|iPhoneSimulator.ActiveCfg = Release|Any CPU
		{B336FEDA-90D5-42C6-9F45-34BF72EC42D8}.Release|iPhoneSimulator.Build.0 = Release|Any CPU
		{B336FEDA-90D5-42C6-9F45-34BF72EC42D8}.Release|iPhoneSimulator.Deploy.0 = Release|Any CPU
		{852C5FB3-6F25-4B5B-9CE5-110021ED70C2}.Ad-Hoc|Any CPU.ActiveCfg = Release|Any CPU
		{852C5FB3-6F25-4B5B-9CE5-110021ED70C2}.Ad-Hoc|Any CPU.Build.0 = Release|Any CPU
		{852C5FB3-6F25-4B5B-9CE5-110021ED70C2}.Ad-Hoc|iPhone.ActiveCfg = Release|Any CPU
		{852C5FB3-6F25-4B5B-9CE5-110021ED70C2}.Ad-Hoc|iPhone.Build.0 = Release|Any CPU
		{852C5FB3-6F25-4B5B-9CE5-110021ED70C2}.Ad-Hoc|iPhoneSimulator.ActiveCfg = Release|Any CPU
		{852C5FB3-6F25-4B5B-9CE5-110021ED70C2}.Ad-Hoc|iPhoneSimulator.Build.0 = Release|Any CPU
		{852C5FB3-6F25-4B5B-9CE5-110021ED70C2}.AppStore|Any CPU.ActiveCfg = Release|Any CPU
		{852C5FB3-6F25-4B5B-9CE5-110021ED70C2}.AppStore|Any CPU.Build.0 = Release|Any CPU
		{852C5FB3-6F25-4B5B-9CE5-110021ED70C2}.AppStore|iPhone.ActiveCfg = Release|Any CPU
		{852C5FB3-6F25-4B5B-9CE5-110021ED70C2}.AppStore|iPhone.Build.0 = Release|Any CPU
		{852C5FB3-6F25-4B5B-9CE5-110021ED70C2}.AppStore|iPhoneSimulator.ActiveCfg = Release|Any CPU
		{852C5FB3-6F25-4B5B-9CE5-110021ED70C2}.AppStore|iPhoneSimulator.Build.0 = Release|Any CPU
		{852C5FB3-6F25-4B5B-9CE5-110021ED70C2}.Debug|Any CPU.ActiveCfg = Debug|Any CPU
		{852C5FB3-6F25-4B5B-9CE5-110021ED70C2}.Debug|Any CPU.Build.0 = Debug|Any CPU
		{852C5FB3-6F25-4B5B-9CE5-110021ED70C2}.Debug|iPhone.ActiveCfg = Debug|Any CPU
		{852C5FB3-6F25-4B5B-9CE5-110021ED70C2}.Debug|iPhone.Build.0 = Debug|Any CPU
		{852C5FB3-6F25-4B5B-9CE5-110021ED70C2}.Debug|iPhoneSimulator.ActiveCfg = Debug|Any CPU
		{852C5FB3-6F25-4B5B-9CE5-110021ED70C2}.Debug|iPhoneSimulator.Build.0 = Debug|Any CPU
		{852C5FB3-6F25-4B5B-9CE5-110021ED70C2}.Release|Any CPU.ActiveCfg = Release|Any CPU
		{852C5FB3-6F25-4B5B-9CE5-110021ED70C2}.Release|Any CPU.Build.0 = Release|Any CPU
		{852C5FB3-6F25-4B5B-9CE5-110021ED70C2}.Release|iPhone.ActiveCfg = Release|Any CPU
		{852C5FB3-6F25-4B5B-9CE5-110021ED70C2}.Release|iPhone.Build.0 = Release|Any CPU
		{852C5FB3-6F25-4B5B-9CE5-110021ED70C2}.Release|iPhoneSimulator.ActiveCfg = Release|Any CPU
		{852C5FB3-6F25-4B5B-9CE5-110021ED70C2}.Release|iPhoneSimulator.Build.0 = Release|Any CPU
		{0DBD983F-BD8F-4BD6-B08A-AD28457D35EF}.Ad-Hoc|Any CPU.ActiveCfg = Release|Any CPU
		{0DBD983F-BD8F-4BD6-B08A-AD28457D35EF}.Ad-Hoc|Any CPU.Build.0 = Release|Any CPU
		{0DBD983F-BD8F-4BD6-B08A-AD28457D35EF}.Ad-Hoc|iPhone.ActiveCfg = Release|Any CPU
		{0DBD983F-BD8F-4BD6-B08A-AD28457D35EF}.Ad-Hoc|iPhone.Build.0 = Release|Any CPU
		{0DBD983F-BD8F-4BD6-B08A-AD28457D35EF}.Ad-Hoc|iPhoneSimulator.ActiveCfg = Release|Any CPU
		{0DBD983F-BD8F-4BD6-B08A-AD28457D35EF}.Ad-Hoc|iPhoneSimulator.Build.0 = Release|Any CPU
		{0DBD983F-BD8F-4BD6-B08A-AD28457D35EF}.AppStore|Any CPU.ActiveCfg = Release|Any CPU
		{0DBD983F-BD8F-4BD6-B08A-AD28457D35EF}.AppStore|Any CPU.Build.0 = Release|Any CPU
		{0DBD983F-BD8F-4BD6-B08A-AD28457D35EF}.AppStore|iPhone.ActiveCfg = Release|Any CPU
		{0DBD983F-BD8F-4BD6-B08A-AD28457D35EF}.AppStore|iPhone.Build.0 = Release|Any CPU
		{0DBD983F-BD8F-4BD6-B08A-AD28457D35EF}.AppStore|iPhoneSimulator.ActiveCfg = Release|Any CPU
		{0DBD983F-BD8F-4BD6-B08A-AD28457D35EF}.AppStore|iPhoneSimulator.Build.0 = Release|Any CPU
		{0DBD983F-BD8F-4BD6-B08A-AD28457D35EF}.Debug|Any CPU.ActiveCfg = Debug|Any CPU
		{0DBD983F-BD8F-4BD6-B08A-AD28457D35EF}.Debug|Any CPU.Build.0 = Debug|Any CPU
		{0DBD983F-BD8F-4BD6-B08A-AD28457D35EF}.Debug|iPhone.ActiveCfg = Debug|Any CPU
		{0DBD983F-BD8F-4BD6-B08A-AD28457D35EF}.Debug|iPhone.Build.0 = Debug|Any CPU
		{0DBD983F-BD8F-4BD6-B08A-AD28457D35EF}.Debug|iPhoneSimulator.ActiveCfg = Debug|Any CPU
		{0DBD983F-BD8F-4BD6-B08A-AD28457D35EF}.Debug|iPhoneSimulator.Build.0 = Debug|Any CPU
		{0DBD983F-BD8F-4BD6-B08A-AD28457D35EF}.Release|Any CPU.ActiveCfg = Release|Any CPU
		{0DBD983F-BD8F-4BD6-B08A-AD28457D35EF}.Release|Any CPU.Build.0 = Release|Any CPU
		{0DBD983F-BD8F-4BD6-B08A-AD28457D35EF}.Release|iPhone.ActiveCfg = Release|Any CPU
		{0DBD983F-BD8F-4BD6-B08A-AD28457D35EF}.Release|iPhone.Build.0 = Release|Any CPU
		{0DBD983F-BD8F-4BD6-B08A-AD28457D35EF}.Release|iPhoneSimulator.ActiveCfg = Release|Any CPU
		{0DBD983F-BD8F-4BD6-B08A-AD28457D35EF}.Release|iPhoneSimulator.Build.0 = Release|Any CPU
		{2AC88C3C-EEE9-4BAB-AC53-C4A5A178EC8F}.Ad-Hoc|Any CPU.ActiveCfg = Debug|iPhoneSimulator
		{2AC88C3C-EEE9-4BAB-AC53-C4A5A178EC8F}.Ad-Hoc|Any CPU.Build.0 = Debug|iPhoneSimulator
		{2AC88C3C-EEE9-4BAB-AC53-C4A5A178EC8F}.Ad-Hoc|iPhone.ActiveCfg = Debug|iPhone
		{2AC88C3C-EEE9-4BAB-AC53-C4A5A178EC8F}.Ad-Hoc|iPhone.Build.0 = Debug|iPhone
		{2AC88C3C-EEE9-4BAB-AC53-C4A5A178EC8F}.Ad-Hoc|iPhoneSimulator.ActiveCfg = Debug|iPhoneSimulator
		{2AC88C3C-EEE9-4BAB-AC53-C4A5A178EC8F}.Ad-Hoc|iPhoneSimulator.Build.0 = Debug|iPhoneSimulator
		{2AC88C3C-EEE9-4BAB-AC53-C4A5A178EC8F}.AppStore|Any CPU.ActiveCfg = Debug|iPhoneSimulator
		{2AC88C3C-EEE9-4BAB-AC53-C4A5A178EC8F}.AppStore|Any CPU.Build.0 = Debug|iPhoneSimulator
		{2AC88C3C-EEE9-4BAB-AC53-C4A5A178EC8F}.AppStore|iPhone.ActiveCfg = Debug|iPhone
		{2AC88C3C-EEE9-4BAB-AC53-C4A5A178EC8F}.AppStore|iPhone.Build.0 = Debug|iPhone
		{2AC88C3C-EEE9-4BAB-AC53-C4A5A178EC8F}.AppStore|iPhoneSimulator.ActiveCfg = Debug|iPhoneSimulator
		{2AC88C3C-EEE9-4BAB-AC53-C4A5A178EC8F}.AppStore|iPhoneSimulator.Build.0 = Debug|iPhoneSimulator
		{2AC88C3C-EEE9-4BAB-AC53-C4A5A178EC8F}.Debug|Any CPU.ActiveCfg = Debug|iPhoneSimulator
		{2AC88C3C-EEE9-4BAB-AC53-C4A5A178EC8F}.Debug|Any CPU.Build.0 = Debug|iPhoneSimulator
		{2AC88C3C-EEE9-4BAB-AC53-C4A5A178EC8F}.Debug|iPhone.ActiveCfg = Debug|iPhone
		{2AC88C3C-EEE9-4BAB-AC53-C4A5A178EC8F}.Debug|iPhone.Build.0 = Debug|iPhone
		{2AC88C3C-EEE9-4BAB-AC53-C4A5A178EC8F}.Debug|iPhoneSimulator.ActiveCfg = Debug|iPhoneSimulator
		{2AC88C3C-EEE9-4BAB-AC53-C4A5A178EC8F}.Debug|iPhoneSimulator.Build.0 = Debug|iPhoneSimulator
		{2AC88C3C-EEE9-4BAB-AC53-C4A5A178EC8F}.Release|Any CPU.ActiveCfg = Release|iPhoneSimulator
		{2AC88C3C-EEE9-4BAB-AC53-C4A5A178EC8F}.Release|Any CPU.Build.0 = Release|iPhoneSimulator
		{2AC88C3C-EEE9-4BAB-AC53-C4A5A178EC8F}.Release|iPhone.ActiveCfg = Release|iPhone
		{2AC88C3C-EEE9-4BAB-AC53-C4A5A178EC8F}.Release|iPhone.Build.0 = Release|iPhone
		{2AC88C3C-EEE9-4BAB-AC53-C4A5A178EC8F}.Release|iPhoneSimulator.ActiveCfg = Release|iPhoneSimulator
		{2AC88C3C-EEE9-4BAB-AC53-C4A5A178EC8F}.Release|iPhoneSimulator.Build.0 = Release|iPhoneSimulator
	EndGlobalSection
	GlobalSection(SolutionProperties) = preSolution
		HideSolutionNode = FALSE
	EndGlobalSection
	GlobalSection(NestedProjects) = preSolution
		{852C5FB3-6F25-4B5B-9CE5-110021ED70C2} = {F328741F-0091-49E4-AB12-52FA37E65F99}
		{0DBD983F-BD8F-4BD6-B08A-AD28457D35EF} = {F328741F-0091-49E4-AB12-52FA37E65F99}
	EndGlobalSection
	GlobalSection(ExtensibilityGlobals) = postSolution
		SolutionGuid = {D712BB07-31A4-477A-B07B-951E1D8DE4B4}
	EndGlobalSection
EndGlobal
